
Microsoft Visual Studio Solution File, Format Version 12.00
# Visual Studio Version 17
VisualStudioVersion = 17.3.32929.385
MinimumVisualStudioVersion = 10.0.40219.1
Project("{FAE04EC0-301F-11D3-BF4B-00C04F79EFBC}") = "CarRent_CarRentalWebApp", "CarRent_CarRentalWebApp\CarRent_CarRentalWebApp.csproj", "{B8976F3E-E944-452E-993E-ADB214F8CEFF}"
EndProject
Global
	GlobalSection(SolutionConfigurationPlatforms) = preSolution
		Debug|Any CPU = Debug|Any CPU
		Release|Any CPU = Release|Any CPU
	EndGlobalSection
	GlobalSection(ProjectConfigurationPlatforms) = postSolution
		{B8976F3E-E944-452E-993E-ADB214F8CEFF}.Debug|Any CPU.ActiveCfg = Debug|Any CPU
		{B8976F3E-E944-452E-993E-ADB214F8CEFF}.Debug|Any CPU.Build.0 = Debug|Any CPU
		{B8976F3E-E944-452E-993E-ADB214F8CEFF}.Release|Any CPU.ActiveCfg = Release|Any CPU
		{B8976F3E-E944-452E-993E-ADB214F8CEFF}.Release|Any CPU.Build.0 = Release|Any CPU
	EndGlobalSection
	GlobalSection(SolutionProperties) = preSolution
		HideSolutionNode = FALSE
	EndGlobalSection
	GlobalSection(ExtensibilityGlobals) = postSolution
		SolutionGuid = {EA5BC0EE-6332-4642-980F-7860E0AACB7A}
	EndGlobalSection
EndGlobal
